
Microsoft Visual Studio Solution File, Format Version 12.00
# Visual Studio Version 17
VisualStudioVersion = 17.14.36301.6 d17.14
MinimumVisualStudioVersion = 10.0.40219.1
Project("{FAE04EC0-301F-11D3-BF4B-00C04F79EFBC}") = "TaskManagerApp", "TaskManagerApp\TaskManagerApp.csproj", "{2ECFC26D-258A-4DAE-92A3-D12297373365}"
EndProject
Global
	GlobalSection(SolutionConfigurationPlatforms) = preSolution
		Debug|Any CPU = Debug|Any CPU
		Release|Any CPU = Release|Any CPU
	EndGlobalSection
	GlobalSection(ProjectConfigurationPlatforms) = postSolution
		{2ECFC26D-258A-4DAE-92A3-D12297373365}.Debug|Any CPU.ActiveCfg = Debug|Any CPU
		{2ECFC26D-258A-4DAE-92A3-D12297373365}.Debug|Any CPU.Build.0 = Debug|Any CPU
		{2ECFC26D-258A-4DAE-92A3-D12297373365}.Release|Any CPU.ActiveCfg = Release|Any CPU
		{2ECFC26D-258A-4DAE-92A3-D12297373365}.Release|Any CPU.Build.0 = Release|Any CPU
	EndGlobalSection
	GlobalSection(SolutionProperties) = preSolution
		HideSolutionNode = FALSE
	EndGlobalSection
	GlobalSection(ExtensibilityGlobals) = postSolution
		SolutionGuid = {4988EFEC-DFF1-4E2A-86A8-F47C92D8BE07}
	EndGlobalSection
EndGlobal
